
Microsoft Visual Studio Solution File, Format Version 12.00
# Visual Studio Version 16
VisualStudioVersion = 16.0.29728.190
MinimumVisualStudioVersion = 10.0.40219.1
Project("{FAE04EC0-301F-11D3-BF4B-00C04F79EFBC}") = "Calculator", "Calculator\Calculator.csproj", "{F41D5474-6413-433A-ADC3-8BA75A24402E}"
EndProject
Global
	GlobalSection(SolutionConfigurationPlatforms) = preSolution
		Debug|Any CPU = Debug|Any CPU
		Release|Any CPU = Release|Any CPU
	EndGlobalSection
	GlobalSection(ProjectConfigurationPlatforms) = postSolution
		{F41D5474-6413-433A-ADC3-8BA75A24402E}.Debug|Any CPU.ActiveCfg = Debug|Any CPU
		{F41D5474-6413-433A-ADC3-8BA75A24402E}.Debug|Any CPU.Build.0 = Debug|Any CPU
		{F41D5474-6413-433A-ADC3-8BA75A24402E}.Release|Any CPU.ActiveCfg = Release|Any CPU
		{F41D5474-6413-433A-ADC3-8BA75A24402E}.Release|Any CPU.Build.0 = Release|Any CPU
	EndGlobalSection
	GlobalSection(SolutionProperties) = preSolution
		HideSolutionNode = FALSE
	EndGlobalSection
	GlobalSection(ExtensibilityGlobals) = postSolution
		SolutionGuid = {8552944B-0AB8-448B-BBE0-51D07DDA7C4E}
	EndGlobalSection
EndGlobal
